
Microsoft Visual Studio Solution File, Format Version 12.00
# Visual Studio Version 16
VisualStudioVersion = 16.0.31624.102
MinimumVisualStudioVersion = 10.0.40219.1
Project("{9A19103F-16F7-4668-BE54-9A1E7A4F7556}") = "KombatKata.Domain", "KombatKata.Domain\KombatKata.Domain.csproj", "{40A599E5-0F27-428E-958A-CF4B78EE0807}"
EndProject
Project("{9A19103F-16F7-4668-BE54-9A1E7A4F7556}") = "KombatKataTest", "KombatKataTest\KombatKataTest.csproj", "{1B87F084-912A-43BD-8157-0934AAE1B61A}"
EndProject
Global
	GlobalSection(SolutionConfigurationPlatforms) = preSolution
		Debug|Any CPU = Debug|Any CPU
		Release|Any CPU = Release|Any CPU
	EndGlobalSection
	GlobalSection(ProjectConfigurationPlatforms) = postSolution
		{40A599E5-0F27-428E-958A-CF4B78EE0807}.Debug|Any CPU.ActiveCfg = Debug|Any CPU
		{40A599E5-0F27-428E-958A-CF4B78EE0807}.Debug|Any CPU.Build.0 = Debug|Any CPU
		{40A599E5-0F27-428E-958A-CF4B78EE0807}.Release|Any CPU.ActiveCfg = Release|Any CPU
		{40A599E5-0F27-428E-958A-CF4B78EE0807}.Release|Any CPU.Build.0 = Release|Any CPU
		{1B87F084-912A-43BD-8157-0934AAE1B61A}.Debug|Any CPU.ActiveCfg = Debug|Any CPU
		{1B87F084-912A-43BD-8157-0934AAE1B61A}.Debug|Any CPU.Build.0 = Debug|Any CPU
		{1B87F084-912A-43BD-8157-0934AAE1B61A}.Release|Any CPU.ActiveCfg = Release|Any CPU
		{1B87F084-912A-43BD-8157-0934AAE1B61A}.Release|Any CPU.Build.0 = Release|Any CPU
	EndGlobalSection
	GlobalSection(SolutionProperties) = preSolution
		HideSolutionNode = FALSE
	EndGlobalSection
	GlobalSection(ExtensibilityGlobals) = postSolution
		SolutionGuid = {09E2DB71-2B53-44BB-9373-D28B1CB9FF9E}
	EndGlobalSection
EndGlobal
